
Microsoft Visual Studio Solution File, Format Version 12.00
# Visual Studio Version 16
VisualStudioVersion = 16.0.30128.74
MinimumVisualStudioVersion = 10.0.40219.1
Project("{FAE04EC0-301F-11D3-BF4B-00C04F79EFBC}") = "RemindMe", "RemindMe\RemindMe.csproj", "{4CCD4A65-10F6-4C03-86B2-62C216AD3E37}"
EndProject
Project("{FAE04EC0-301F-11D3-BF4B-00C04F79EFBC}") = "NotesDataAccess", "NotesDataAccess\NotesDataAccess.csproj", "{996508DD-91D6-4DCC-9EF8-8AC74121FEE2}"
EndProject
Global
	GlobalSection(SolutionConfigurationPlatforms) = preSolution
		Debug|Any CPU = Debug|Any CPU
		Release|Any CPU = Release|Any CPU
	EndGlobalSection
	GlobalSection(ProjectConfigurationPlatforms) = postSolution
		{4CCD4A65-10F6-4C03-86B2-62C216AD3E37}.Debug|Any CPU.ActiveCfg = Debug|Any CPU
		{4CCD4A65-10F6-4C03-86B2-62C216AD3E37}.Debug|Any CPU.Build.0 = Debug|Any CPU
		{4CCD4A65-10F6-4C03-86B2-62C216AD3E37}.Release|Any CPU.ActiveCfg = Release|Any CPU
		{4CCD4A65-10F6-4C03-86B2-62C216AD3E37}.Release|Any CPU.Build.0 = Release|Any CPU
		{996508DD-91D6-4DCC-9EF8-8AC74121FEE2}.Debug|Any CPU.ActiveCfg = Debug|Any CPU
		{996508DD-91D6-4DCC-9EF8-8AC74121FEE2}.Debug|Any CPU.Build.0 = Debug|Any CPU
		{996508DD-91D6-4DCC-9EF8-8AC74121FEE2}.Release|Any CPU.ActiveCfg = Release|Any CPU
		{996508DD-91D6-4DCC-9EF8-8AC74121FEE2}.Release|Any CPU.Build.0 = Release|Any CPU
	EndGlobalSection
	GlobalSection(SolutionProperties) = preSolution
		HideSolutionNode = FALSE
	EndGlobalSection
	GlobalSection(ExtensibilityGlobals) = postSolution
		SolutionGuid = {9BD01C85-6050-4624-A153-E018FF1AB2B6}
	EndGlobalSection
EndGlobal
